{
  "nodes": {
    "bedload": {
      "flake": false,
      "locked": {
        "lastModified": 1705829418,
        "narHash": "sha256-K3CXJjOW/oXKlVFBahTNtCTYMps0TnygRkp60lnDPlo=",
        "ref": "refs/heads/main",
        "rev": "9cdc0e0f7a2b39dd10675fb7cdaed6dac401ba39",
        "revCount": 9,
        "submodules": true,
        "type": "git",
        "url": "https://git.sr.ht/~novakane/river-bedload"
      },
      "original": {
        "submodules": true,
        "type": "git",
        "url": "https://git.sr.ht/~novakane/river-bedload"
      }
    },
    "home-manager": {
      "inputs": {
        "nixpkgs": [
          "nixpkgs"
        ]
      },
      "locked": {
        "lastModified": 1705446327,
        "narHash": "sha256-n7FCuAR2BI1SvLjF6eFc8VE6WLZCMlbToyfqU2ihbkU=",
        "owner": "nix-community",
        "repo": "home-manager",
        "rev": "16cefa78cc801911ebd4ff1faddc6280ab3c9228",
        "type": "github"
      },
      "original": {
        "owner": "nix-community",
        "repo": "home-manager",
        "type": "github"
      }
    },
    "nixpkgs": {
      "locked": {
        "lastModified": 1705316053,
        "narHash": "sha256-J2Ey5mPFT8gdfL2XC0JTZvKaBw/b2pnyudEXFvl+dQM=",
        "owner": "nixos",
        "repo": "nixpkgs",
        "rev": "c3e128f3c0ecc1fb04aef9f72b3dcc2f6cecf370",
        "type": "github"
      },
      "original": {
        "owner": "nixos",
        "ref": "nixos-unstable",
        "repo": "nixpkgs",
        "type": "github"
      }
    },
    "river-bedload": {
      "inputs": {
        "bedload": "bedload",
        "nixpkgs": [
          "nixpkgs"
        ]
      },
      "locked": {
        "dir": "pkgs/river-bedload",
        "dirtyRev": "9a6c17cecf879547ca1e15a8eb2988d7fd339da7-dirty",
        "dirtyShortRev": "9a6c17c-dirty",
        "lastModified": 1706921391,
        "narHash": "sha256-QMoGQbKwp7PfrLzEdfMwzYeGulAo2CJpGxqDxd0t4ds=",
        "type": "git",
        "url": "file:///home/carterm/Documents/nix-config?dir=pkgs/river-bedload"
      },
      "original": {
        "dir": "pkgs/river-bedload",
        "type": "git",
        "url": "file:///home/carterm/Documents/nix-config?dir=pkgs/river-bedload"
      }
    },
    "root": {
      "inputs": {
        "home-manager": "home-manager",
        "nixpkgs": "nixpkgs",
        "river-bedload": "river-bedload"
      }
    }
  },
  "root": "root",
  "version": 7
}
