{
  "nodes": {
    "bedload": {
      "flake": false,
      "locked": {
        "lastModified": 1705829418,
        "narHash": "sha256-K3CXJjOW/oXKlVFBahTNtCTYMps0TnygRkp60lnDPlo=",
        "ref": "refs/heads/main",
        "rev": "9cdc0e0f7a2b39dd10675fb7cdaed6dac401ba39",
        "revCount": 9,
        "submodules": true,
        "type": "git",
        "url": "https://git.sr.ht/~novakane/river-bedload"
      },
      "original": {
        "submodules": true,
        "type": "git",
        "url": "https://git.sr.ht/~novakane/river-bedload"
      }
    },
    "home-manager": {
      "inputs": {
        "nixpkgs": [
          "nixpkgs"
        ]
      },
      "locked": {
        "lastModified": 1708806879,
        "narHash": "sha256-MSbxtF3RThI8ANs/G4o1zIqF5/XlShHvwjl9Ws0QAbI=",
        "owner": "nix-community",
        "repo": "home-manager",
        "rev": "4ee704cb13a5a7645436f400b9acc89a67b9c08a",
        "type": "github"
      },
      "original": {
        "owner": "nix-community",
        "repo": "home-manager",
        "type": "github"
      }
    },
    "nixpkgs": {
      "locked": {
        "lastModified": 1708655239,
        "narHash": "sha256-ZrP/yACUvDB+zbqYJsln4iwotbH6CTZiTkANJ0AgDv4=",
        "owner": "nixos",
        "repo": "nixpkgs",
        "rev": "cbc4211f0afffe6dfd2478a62615dd5175a13f9a",
        "type": "github"
      },
      "original": {
        "owner": "nixos",
        "ref": "nixos-unstable",
        "repo": "nixpkgs",
        "type": "github"
      }
    },
    "river-bedload": {
      "inputs": {
        "bedload": "bedload",
        "nixpkgs": [
          "nixpkgs"
        ]
      },
      "locked": {
        "dir": "pkgs/river-bedload",
        "dirtyRev": "b6c946cf063bb712f4b3083476003021cfdb0092-dirty",
        "dirtyShortRev": "b6c946c-dirty",
        "lastModified": 1708795794,
        "narHash": "sha256-o/QBrLb6NFndoWdw7kbG4xWg7szEnOaI0ukOGLrKEwU=",
        "type": "git",
        "url": "file:///home/carterm/Documents/nix-config?dir=pkgs/river-bedload"
      },
      "original": {
        "dir": "pkgs/river-bedload",
        "type": "git",
        "url": "file:///home/carterm/Documents/nix-config?dir=pkgs/river-bedload"
      }
    },
    "root": {
      "inputs": {
        "home-manager": "home-manager",
        "nixpkgs": "nixpkgs",
        "river-bedload": "river-bedload"
      }
    }
  },
  "root": "root",
  "version": 7
}
