{
  "nodes": {
    "bedload": {
      "flake": false,
      "locked": {
        "lastModified": 1705829418,
        "narHash": "sha256-K3CXJjOW/oXKlVFBahTNtCTYMps0TnygRkp60lnDPlo=",
        "ref": "refs/heads/main",
        "rev": "9cdc0e0f7a2b39dd10675fb7cdaed6dac401ba39",
        "revCount": 9,
        "submodules": true,
        "type": "git",
        "url": "https://git.sr.ht/~novakane/river-bedload"
      },
      "original": {
        "submodules": true,
        "type": "git",
        "url": "https://git.sr.ht/~novakane/river-bedload"
      }
    },
    "filtile": {
      "inputs": {
        "flake-utils": "flake-utils",
        "nixpkgs": [
          "nixpkgs"
        ],
        "rust-overlay": "rust-overlay"
      },
      "locked": {
        "lastModified": 1708799875,
        "narHash": "sha256-4w0z3p75rp2q4s1j2fDHLbmgp/5a9nPo+Vf+6XUpBfM=",
        "owner": "pkulak",
        "repo": "filtile",
        "rev": "9656d427e8fceedd49f1ad916c29601af9865571",
        "type": "github"
      },
      "original": {
        "owner": "pkulak",
        "repo": "filtile",
        "type": "github"
      }
    },
    "flake-utils": {
      "inputs": {
        "systems": "systems"
      },
      "locked": {
        "lastModified": 1705309234,
        "narHash": "sha256-uNRRNRKmJyCRC/8y1RqBkqWBLM034y4qN7EprSdmgyA=",
        "owner": "numtide",
        "repo": "flake-utils",
        "rev": "1ef2e671c3b0c19053962c07dbda38332dcebf26",
        "type": "github"
      },
      "original": {
        "owner": "numtide",
        "repo": "flake-utils",
        "type": "github"
      }
    },
    "flake-utils_2": {
      "inputs": {
        "systems": "systems_2"
      },
      "locked": {
        "lastModified": 1681202837,
        "narHash": "sha256-H+Rh19JDwRtpVPAWp64F+rlEtxUWBAQW28eAi3SRSzg=",
        "owner": "numtide",
        "repo": "flake-utils",
        "rev": "cfacdce06f30d2b68473a46042957675eebb3401",
        "type": "github"
      },
      "original": {
        "owner": "numtide",
        "repo": "flake-utils",
        "type": "github"
      }
    },
    "home-manager": {
      "inputs": {
        "nixpkgs": [
          "nixpkgs"
        ]
      },
      "locked": {
        "lastModified": 1708806879,
        "narHash": "sha256-MSbxtF3RThI8ANs/G4o1zIqF5/XlShHvwjl9Ws0QAbI=",
        "owner": "nix-community",
        "repo": "home-manager",
        "rev": "4ee704cb13a5a7645436f400b9acc89a67b9c08a",
        "type": "github"
      },
      "original": {
        "owner": "nix-community",
        "repo": "home-manager",
        "type": "github"
      }
    },
    "nixpkgs": {
      "locked": {
        "lastModified": 1681358109,
        "narHash": "sha256-eKyxW4OohHQx9Urxi7TQlFBTDWII+F+x2hklDOQPB50=",
        "owner": "NixOS",
        "repo": "nixpkgs",
        "rev": "96ba1c52e54e74c3197f4d43026b3f3d92e83ff9",
        "type": "github"
      },
      "original": {
        "owner": "NixOS",
        "ref": "nixpkgs-unstable",
        "repo": "nixpkgs",
        "type": "github"
      }
    },
    "nixpkgs_2": {
      "locked": {
        "lastModified": 1708655239,
        "narHash": "sha256-ZrP/yACUvDB+zbqYJsln4iwotbH6CTZiTkANJ0AgDv4=",
        "owner": "nixos",
        "repo": "nixpkgs",
        "rev": "cbc4211f0afffe6dfd2478a62615dd5175a13f9a",
        "type": "github"
      },
      "original": {
        "owner": "nixos",
        "ref": "nixos-unstable",
        "repo": "nixpkgs",
        "type": "github"
      }
    },
    "river-bedload": {
      "inputs": {
        "bedload": "bedload",
        "nixpkgs": [
          "nixpkgs"
        ]
      },
      "locked": {
        "dir": "pkgs/river-bedload",
        "dirtyRev": "b6c946cf063bb712f4b3083476003021cfdb0092-dirty",
        "dirtyShortRev": "b6c946c-dirty",
        "lastModified": 1708795794,
        "narHash": "sha256-o/QBrLb6NFndoWdw7kbG4xWg7szEnOaI0ukOGLrKEwU=",
        "type": "git",
        "url": "file:///home/carterm/Documents/nix-config?dir=pkgs/river-bedload"
      },
      "original": {
        "dir": "pkgs/river-bedload",
        "type": "git",
        "url": "file:///home/carterm/Documents/nix-config?dir=pkgs/river-bedload"
      }
    },
    "root": {
      "inputs": {
        "filtile": "filtile",
        "home-manager": "home-manager",
        "nixpkgs": "nixpkgs_2",
        "river-bedload": "river-bedload"
      }
    },
    "rust-overlay": {
      "inputs": {
        "flake-utils": "flake-utils_2",
        "nixpkgs": "nixpkgs"
      },
      "locked": {
        "lastModified": 1706407941,
        "narHash": "sha256-MAz9Oz6ddtJzK0UFzYMRrO99cCVcpYD6+MfTMiJdN/8=",
        "owner": "oxalica",
        "repo": "rust-overlay",
        "rev": "ca8b329ae48f3c760f0e7e0249e8afa50edc8ed1",
        "type": "github"
      },
      "original": {
        "owner": "oxalica",
        "repo": "rust-overlay",
        "type": "github"
      }
    },
    "systems": {
      "locked": {
        "lastModified": 1681028828,
        "narHash": "sha256-Vy1rq5AaRuLzOxct8nz4T6wlgyUR7zLU309k9mBC768=",
        "owner": "nix-systems",
        "repo": "default",
        "rev": "da67096a3b9bf56a91d16901293e51ba5b49a27e",
        "type": "github"
      },
      "original": {
        "owner": "nix-systems",
        "repo": "default",
        "type": "github"
      }
    },
    "systems_2": {
      "locked": {
        "lastModified": 1681028828,
        "narHash": "sha256-Vy1rq5AaRuLzOxct8nz4T6wlgyUR7zLU309k9mBC768=",
        "owner": "nix-systems",
        "repo": "default",
        "rev": "da67096a3b9bf56a91d16901293e51ba5b49a27e",
        "type": "github"
      },
      "original": {
        "owner": "nix-systems",
        "repo": "default",
        "type": "github"
      }
    }
  },
  "root": "root",
  "version": 7
}
